<?xml version="1.0" encoding="utf-8"?>
<Project ToolsVersion="16.0" xmlns="http://schemas.microsoft.com/developer/msbuild/2003">
  <ItemGroup>
    <ClCompile Include="D:\CodingTests\tapblaze_test\Classes\AppDelegate.cpp">
      <Filter>Source Files\Classes</Filter>
    </ClCompile>
    <ClCompile Include="D:\CodingTests\tapblaze_test\Classes\HelloWorldScene.cpp">
      <Filter>Source Files\Classes</Filter>
    </ClCompile>
    <ClCompile Include="D:\CodingTests\tapblaze_test\Classes\BonusWheelScene.cpp">
      <Filter>Source Files\Classes</Filter>
    </ClCompile>
    <ClCompile Include="D:\CodingTests\tapblaze_test\proj.win32\main.cpp">
      <Filter>Source Files\proj.win32</Filter>
    </ClCompile>
    <ClCompile Include="D:\CodingTests\tapblaze_test\cocos2d\cocos\precheader.cpp">
      <Filter>Source Files</Filter>
    </ClCompile>
  </ItemGroup>
  <ItemGroup>
    <ClInclude Include="D:\CodingTests\tapblaze_test\Classes\AppDelegate.h">
      <Filter>Source Files\Classes</Filter>
    </ClInclude>
    <ClInclude Include="D:\CodingTests\tapblaze_test\Classes\HelloWorldScene.h">
      <Filter>Source Files\Classes</Filter>
    </ClInclude>
    <ClInclude Include="D:\CodingTests\tapblaze_test\Classes\BonusWheelScene.h">
      <Filter>Source Files\Classes</Filter>
    </ClInclude>
    <ClInclude Include="D:\CodingTests\tapblaze_test\proj.win32\main.h">
      <Filter>Source Files\proj.win32</Filter>
    </ClInclude>
    <ClInclude Include="D:\CodingTests\tapblaze_test\proj.win32\resource.h">
      <Filter>Source Files\proj.win32</Filter>
    </ClInclude>
    <ClInclude Include="D:\CodingTests\tapblaze_test\Resources\CloseNormal.png">
      <Filter>Resources</Filter>
    </ClInclude>
    <ClInclude Include="D:\CodingTests\tapblaze_test\Resources\CloseSelected.png">
      <Filter>Resources</Filter>
    </ClInclude>
    <ClInclude Include="D:\CodingTests\tapblaze_test\Resources\CodeTest\brush.png">
      <Filter>Resources\CodeTest</Filter>
    </ClInclude>
    <ClInclude Include="D:\CodingTests\tapblaze_test\Resources\CodeTest\coin.png">
      <Filter>Resources\CodeTest</Filter>
    </ClInclude>
    <ClInclude Include="D:\CodingTests\tapblaze_test\Resources\CodeTest\gem.png">
      <Filter>Resources\CodeTest</Filter>
    </ClInclude>
    <ClInclude Include="D:\CodingTests\tapblaze_test\Resources\CodeTest\hammer.png">
      <Filter>Resources\CodeTest</Filter>
    </ClInclude>
    <ClInclude Include="D:\CodingTests\tapblaze_test\Resources\CodeTest\heart.png">
      <Filter>Resources\CodeTest</Filter>
    </ClInclude>
    <ClInclude Include="D:\CodingTests\tapblaze_test\Resources\CodeTest\spin_button.png">
      <Filter>Resources\CodeTest</Filter>
    </ClInclude>
    <ClInclude Include="D:\CodingTests\tapblaze_test\Resources\CodeTest\wheel_arrow.png">
      <Filter>Resources\CodeTest</Filter>
    </ClInclude>
    <ClInclude Include="D:\CodingTests\tapblaze_test\Resources\CodeTest\wheel_border.png">
      <Filter>Resources\CodeTest</Filter>
    </ClInclude>
    <ClInclude Include="D:\CodingTests\tapblaze_test\Resources\CodeTest\wheel_sections_8.png">
      <Filter>Resources\CodeTest</Filter>
    </ClInclude>
    <ClInclude Include="D:\CodingTests\tapblaze_test\Resources\HelloWorld.png">
      <Filter>Resources</Filter>
    </ClInclude>
    <ClInclude Include="D:\CodingTests\tapblaze_test\Resources\fonts\Marker Felt.ttf">
      <Filter>Resources\fonts</Filter>
    </ClInclude>
    <ClInclude Include="D:\CodingTests\tapblaze_test\Resources\fonts\arial.ttf">
      <Filter>Resources\fonts</Filter>
    </ClInclude>
    <ClInclude Include="D:\CodingTests\tapblaze_test\Resources\res\.gitkeep">
      <Filter>Resources\res</Filter>
    </ClInclude>
  </ItemGroup>
  <ItemGroup>
    <CustomBuild Include="D:\CodingTests\tapblaze_test\CMakeLists.txt" />
  </ItemGroup>
  <ItemGroup>
    <ResourceCompile Include="D:\CodingTests\tapblaze_test\proj.win32\game.rc">
      <Filter>Source Files\proj.win32</Filter>
    </ResourceCompile>
  </ItemGroup>
  <ItemGroup>
    <Filter Include="Resources">
      <UniqueIdentifier>{20484EF9-B933-3CAB-8C21-6B2A0434D67B}</UniqueIdentifier>
    </Filter>
    <Filter Include="Resources\CodeTest">
      <UniqueIdentifier>{975034C2-CB96-32CB-BB2C-F2154923D554}</UniqueIdentifier>
    </Filter>
    <Filter Include="Resources\fonts">
      <UniqueIdentifier>{C8554274-2672-3476-8F16-7C373663F133}</UniqueIdentifier>
    </Filter>
    <Filter Include="Resources\res">
      <UniqueIdentifier>{640C9981-85B9-3B06-AAB6-276EB0469B6B}</UniqueIdentifier>
    </Filter>
    <Filter Include="Source Files">
      <UniqueIdentifier>{EFF1BF0A-B30B-3DC2-BAF5-1082EA27F887}</UniqueIdentifier>
    </Filter>
    <Filter Include="Source Files\Classes">
      <UniqueIdentifier>{8A0175EB-DDB7-3523-965D-4B13066C6F42}</UniqueIdentifier>
    </Filter>
    <Filter Include="Source Files\proj.win32">
      <UniqueIdentifier>{2B541010-9D73-3CC5-99A9-95752F2559EE}</UniqueIdentifier>
    </Filter>
  </ItemGroup>
</Project>
